
Microsoft Visual Studio Solution File, Format Version 12.00
# Visual Studio Version 16
VisualStudioVersion = 16.0.29215.179
MinimumVisualStudioVersion = 10.0.40219.1
Project("{9A19103F-16F7-4668-BE54-9A1E7A4F7556}") = "CoreMVCDemo", "CoreMVCDemo.csproj", "{8817ECB6-5F6C-417A-AC92-11E7BF3F31C0}"
EndProject
Global
	GlobalSection(SolutionConfigurationPlatforms) = preSolution
		Debug|Any CPU = Debug|Any CPU
		Release|Any CPU = Release|Any CPU
	EndGlobalSection
	GlobalSection(ProjectConfigurationPlatforms) = postSolution
		{8817ECB6-5F6C-417A-AC92-11E7BF3F31C0}.Debug|Any CPU.ActiveCfg = Debug|Any CPU
		{8817ECB6-5F6C-417A-AC92-11E7BF3F31C0}.Debug|Any CPU.Build.0 = Debug|Any CPU
		{8817ECB6-5F6C-417A-AC92-11E7BF3F31C0}.Release|Any CPU.ActiveCfg = Release|Any CPU
		{8817ECB6-5F6C-417A-AC92-11E7BF3F31C0}.Release|Any CPU.Build.0 = Release|Any CPU
	EndGlobalSection
	GlobalSection(SolutionProperties) = preSolution
		HideSolutionNode = FALSE
	EndGlobalSection
	GlobalSection(ExtensibilityGlobals) = postSolution
		SolutionGuid = {66A24680-EC63-40C8-AC85-BF54905C271A}
	EndGlobalSection
EndGlobal
